
Microsoft Visual Studio Solution File, Format Version 12.00
# Visual Studio 15
VisualStudioVersion = 15.0.28307.489
MinimumVisualStudioVersion = 10.0.40219.1
Project("{FAE04EC0-301F-11D3-BF4B-00C04F79EFBC}") = "SamuraiApp.Domain", "SamuraiApp.Domain\SamuraiApp.Domain.csproj", "{FC8B6377-D033-4FF4-A395-BC281F177259}"
EndProject
Project("{FAE04EC0-301F-11D3-BF4B-00C04F79EFBC}") = "SamuraiApp.Data", "SamuraiApp.Data\SamuraiApp.Data.csproj", "{083409B7-BE1F-4DBA-A6A5-4B9095A1E3B5}"
EndProject
Project("{FAE04EC0-301F-11D3-BF4B-00C04F79EFBC}") = "SamuraiApp.Test", "SamuraiApp.Test\SamuraiApp.Test.csproj", "{9E7F689B-D6D2-417F-BA0D-DF32B155888F}"
EndProject
Project("{FAE04EC0-301F-11D3-BF4B-00C04F79EFBC}") = "SamuraApp.Api", "SamuraApp.Api\SamuraApp.Api.csproj", "{7C2391B2-6CCC-42C7-9C94-C67D32BF97B3}"
EndProject
Global
	GlobalSection(SolutionConfigurationPlatforms) = preSolution
		Debug|Any CPU = Debug|Any CPU
		Release|Any CPU = Release|Any CPU
	EndGlobalSection
	GlobalSection(ProjectConfigurationPlatforms) = postSolution
		{FC8B6377-D033-4FF4-A395-BC281F177259}.Debug|Any CPU.ActiveCfg = Debug|Any CPU
		{FC8B6377-D033-4FF4-A395-BC281F177259}.Debug|Any CPU.Build.0 = Debug|Any CPU
		{FC8B6377-D033-4FF4-A395-BC281F177259}.Release|Any CPU.ActiveCfg = Release|Any CPU
		{FC8B6377-D033-4FF4-A395-BC281F177259}.Release|Any CPU.Build.0 = Release|Any CPU
		{083409B7-BE1F-4DBA-A6A5-4B9095A1E3B5}.Debug|Any CPU.ActiveCfg = Debug|Any CPU
		{083409B7-BE1F-4DBA-A6A5-4B9095A1E3B5}.Debug|Any CPU.Build.0 = Debug|Any CPU
		{083409B7-BE1F-4DBA-A6A5-4B9095A1E3B5}.Release|Any CPU.ActiveCfg = Release|Any CPU
		{083409B7-BE1F-4DBA-A6A5-4B9095A1E3B5}.Release|Any CPU.Build.0 = Release|Any CPU
		{9E7F689B-D6D2-417F-BA0D-DF32B155888F}.Debug|Any CPU.ActiveCfg = Debug|Any CPU
		{9E7F689B-D6D2-417F-BA0D-DF32B155888F}.Debug|Any CPU.Build.0 = Debug|Any CPU
		{9E7F689B-D6D2-417F-BA0D-DF32B155888F}.Release|Any CPU.ActiveCfg = Release|Any CPU
		{9E7F689B-D6D2-417F-BA0D-DF32B155888F}.Release|Any CPU.Build.0 = Release|Any CPU
		{7C2391B2-6CCC-42C7-9C94-C67D32BF97B3}.Debug|Any CPU.ActiveCfg = Debug|Any CPU
		{7C2391B2-6CCC-42C7-9C94-C67D32BF97B3}.Debug|Any CPU.Build.0 = Debug|Any CPU
		{7C2391B2-6CCC-42C7-9C94-C67D32BF97B3}.Release|Any CPU.ActiveCfg = Release|Any CPU
		{7C2391B2-6CCC-42C7-9C94-C67D32BF97B3}.Release|Any CPU.Build.0 = Release|Any CPU
	EndGlobalSection
	GlobalSection(SolutionProperties) = preSolution
		HideSolutionNode = FALSE
	EndGlobalSection
	GlobalSection(ExtensibilityGlobals) = postSolution
		SolutionGuid = {730424EC-3E30-4F49-B112-FC235AAA4F87}
	EndGlobalSection
EndGlobal
